<?xml version="1.0" encoding="utf-8"?>
<Project ToolsVersion="4.0" xmlns="http://schemas.microsoft.com/developer/msbuild/2003">
  <ItemGroup>
    <ClCompile Include="GameTest.cpp" />
    <ClCompile Include="stdafx.cpp" />
    <ClCompile Include="App\app.cpp">
      <Filter>NextAPI</Filter>
    </ClCompile>
    <ClCompile Include="App\main.cpp">
      <Filter>NextAPI</Filter>
    </ClCompile>
    <ClCompile Include="App\SimpleController.cpp">
      <Filter>NextAPI</Filter>
    </ClCompile>
    <ClCompile Include="App\SimpleSound.cpp">
      <Filter>NextAPI</Filter>
    </ClCompile>
    <ClCompile Include="App\SimpleSprite.cpp">
      <Filter>NextAPI</Filter>
    </ClCompile>
    <ClCompile Include="stb_image\stb_image.cpp">
      <Filter>stb_image</Filter>
    </ClCompile>
    <ClCompile Include="Game\World\GameWorld.cpp">
      <Filter>Game\World</Filter>
    </ClCompile>
    <ClCompile Include="Game\Environment\Water.cpp">
      <Filter>Game\Environment</Filter>
    </ClCompile>
    <ClCompile Include="Game\Object\Projectile.cpp">
      <Filter>Game\Projectile</Filter>
    </ClCompile>
    <ClCompile Include="Engine\Engine.cpp">
      <Filter>Engine</Filter>
    </ClCompile>
    <ClCompile Include="Engine\Component\Component.cpp">
      <Filter>Engine\Component</Filter>
    </ClCompile>
    <ClCompile Include="Engine\Component\CameraComponent.cpp">
      <Filter>Engine\Component\Common</Filter>
    </ClCompile>
    <ClCompile Include="Engine\Component\AudioComponent.cpp">
      <Filter>Engine\Component\Common</Filter>
    </ClCompile>
    <ClCompile Include="Engine\Component\RigidBodyComponent.cpp">
      <Filter>Engine\Component\Kinetic</Filter>
    </ClCompile>
    <ClCompile Include="Engine\Component\TileMovementComponent.cpp">
      <Filter>Engine\Component\Kinetic</Filter>
    </ClCompile>
    <ClCompile Include="Engine\Component\SpriteComponent.cpp">
      <Filter>Engine\Component\Common</Filter>
    </ClCompile>
    <ClCompile Include="Engine\Managers\EventManager.cpp">
      <Filter>Engine\Manager</Filter>
    </ClCompile>
    <ClCompile Include="Engine\Managers\ObjectManager.cpp">
      <Filter>Engine\Manager</Filter>
    </ClCompile>
    <ClCompile Include="Engine\Managers\Quadtree.cpp">
      <Filter>Engine\Manager</Filter>
    </ClCompile>
    <ClCompile Include="Engine\Managers\SpriteManager.cpp">
      <Filter>Engine\Manager</Filter>
    </ClCompile>
    <ClCompile Include="Engine\Math\Collision.cpp">
      <Filter>Engine\Math</Filter>
    </ClCompile>
    <ClCompile Include="Engine\Math\MathOps.cpp">
      <Filter>Engine\Math</Filter>
    </ClCompile>
    <ClCompile Include="Engine\Math\Vector2.cpp">
      <Filter>Engine\Math</Filter>
    </ClCompile>
    <ClCompile Include="Engine\Math\Vector3.cpp">
      <Filter>Engine\Math</Filter>
    </ClCompile>
    <ClCompile Include="Engine\Object\Controller.cpp">
      <Filter>Engine\Object</Filter>
    </ClCompile>
    <ClCompile Include="Engine\Object\Entity.cpp">
      <Filter>Engine\Object</Filter>
    </ClCompile>
    <ClCompile Include="Engine\Object\Object.cpp">
      <Filter>Engine\Object</Filter>
    </ClCompile>
    <ClCompile Include="Engine\State\GameState.cpp">
      <Filter>Engine\State</Filter>
    </ClCompile>
    <ClCompile Include="Engine\UI\UICanvas.cpp">
      <Filter>Engine\UI</Filter>
    </ClCompile>
    <ClCompile Include="Engine\World\Pathfinder.cpp">
      <Filter>Engine\World</Filter>
    </ClCompile>
    <ClCompile Include="Engine\World\Tilemap.cpp">
      <Filter>Engine\World</Filter>
    </ClCompile>
    <ClCompile Include="Engine\World\World.cpp">
      <Filter>Engine\World</Filter>
    </ClCompile>
  </ItemGroup>
  <ItemGroup>
    <ClInclude Include="stdafx.h" />
    <ClInclude Include="App\app.h">
      <Filter>NextAPI</Filter>
    </ClInclude>
    <ClInclude Include="App\AppSettings.h">
      <Filter>NextAPI</Filter>
    </ClInclude>
    <ClInclude Include="App\main.h">
      <Filter>NextAPI</Filter>
    </ClInclude>
    <ClInclude Include="App\SimpleController.h">
      <Filter>NextAPI</Filter>
    </ClInclude>
    <ClInclude Include="App\SimpleSound.h">
      <Filter>NextAPI</Filter>
    </ClInclude>
    <ClInclude Include="App\SimpleSprite.h">
      <Filter>NextAPI</Filter>
    </ClInclude>
    <ClInclude Include="targetver.h">
      <Filter>NextAPI</Filter>
    </ClInclude>
    <ClInclude Include="stb_image\stb_image.h">
      <Filter>stb_image</Filter>
    </ClInclude>
    <ClInclude Include="Game\World\GameWorld.h">
      <Filter>Game\World</Filter>
    </ClInclude>
    <ClInclude Include="Game\Environment\Water.h">
      <Filter>Game\Environment</Filter>
    </ClInclude>
    <ClInclude Include="Game\Object\Projectile.h">
      <Filter>Game\Projectile</Filter>
    </ClInclude>
    <ClInclude Include="Engine\Engine.h">
      <Filter>Engine</Filter>
    </ClInclude>
    <ClInclude Include="Engine\Common.h">
      <Filter>Engine</Filter>
    </ClInclude>
    <ClInclude Include="Engine\Component\AllComponents.h">
      <Filter>Engine\Component</Filter>
    </ClInclude>
    <ClInclude Include="Engine\Component\Component.h">
      <Filter>Engine\Component</Filter>
    </ClInclude>
    <ClInclude Include="Engine\Component\CameraComponent.h">
      <Filter>Engine\Component\Common</Filter>
    </ClInclude>
    <ClInclude Include="Engine\Component\AudioComponent.h">
      <Filter>Engine\Component\Common</Filter>
    </ClInclude>
    <ClInclude Include="Engine\Component\RigidBodyComponent.h">
      <Filter>Engine\Component\Kinetic</Filter>
    </ClInclude>
    <ClInclude Include="Engine\Component\TileMovementComponent.h">
      <Filter>Engine\Component\Kinetic</Filter>
    </ClInclude>
    <ClInclude Include="Engine\Component\TransformComponent.h">
      <Filter>Engine\Component\Common</Filter>
    </ClInclude>
    <ClInclude Include="Engine\Component\SpriteComponent.h">
      <Filter>Engine\Component\Common</Filter>
    </ClInclude>
    <ClInclude Include="Engine\Event\Event.h">
      <Filter>Engine\Event</Filter>
    </ClInclude>
    <ClInclude Include="Engine\Managers\EventManager.h">
      <Filter>Engine\Manager</Filter>
    </ClInclude>
    <ClInclude Include="Engine\Managers\ObjectManager.h">
      <Filter>Engine\Manager</Filter>
    </ClInclude>
    <ClInclude Include="Engine\Managers\Quadtree.h">
      <Filter>Engine\Manager</Filter>
    </ClInclude>
    <ClInclude Include="Engine\Managers\SpriteManager.h">
      <Filter>Engine\Manager</Filter>
    </ClInclude>
    <ClInclude Include="Engine\Math\Collision.h">
      <Filter>Engine\Math</Filter>
    </ClInclude>
    <ClInclude Include="Engine\Math\MathOps.h">
      <Filter>Engine\Math</Filter>
    </ClInclude>
    <ClInclude Include="Engine\Math\Vector2.h">
      <Filter>Engine\Math</Filter>
    </ClInclude>
    <ClInclude Include="Engine\Math\Vector3.h">
      <Filter>Engine\Math</Filter>
    </ClInclude>
    <ClInclude Include="Engine\Object\Actor.h">
      <Filter>Engine\Object</Filter>
    </ClInclude>
    <ClInclude Include="Engine\Object\Controller.h">
      <Filter>Engine\Object</Filter>
    </ClInclude>
    <ClInclude Include="Engine\Object\Entity.h">
      <Filter>Engine\Object</Filter>
    </ClInclude>
    <ClInclude Include="Engine\Object\Object.h">
      <Filter>Engine\Object</Filter>
    </ClInclude>
    <ClInclude Include="Engine\State\GameState.h">
      <Filter>Engine\State</Filter>
    </ClInclude>
    <ClInclude Include="Engine\UI\UICanvas.h">
      <Filter>Engine\UI</Filter>
    </ClInclude>
    <ClInclude Include="Engine\UI\UIWidget.h">
      <Filter>Engine\UI</Filter>
    </ClInclude>
    <ClInclude Include="Engine\Utility\Debug.h">
      <Filter>Engine\Utility</Filter>
    </ClInclude>
    <ClInclude Include="Engine\World\Pathfinder.h">
      <Filter>Engine\World</Filter>
    </ClInclude>
    <ClInclude Include="Engine\World\Tilemap.h">
      <Filter>Engine\World</Filter>
    </ClInclude>
    <ClInclude Include="Engine\World\World.h">
      <Filter>Engine\World</Filter>
    </ClInclude>
  </ItemGroup>
  <ItemGroup>
    <Filter Include="NextAPI">
      <UniqueIdentifier>{f318918d-bb9f-4402-ae1c-4f72186d16f6}</UniqueIdentifier>
    </Filter>
    <Filter Include="stb_image">
      <UniqueIdentifier>{61cfc19b-c57e-4021-b530-bac172fcba86}</UniqueIdentifier>
    </Filter>
    <Filter Include="Engine">
      <UniqueIdentifier>{5f3dbcd1-141c-4317-8e0e-9a4c2ea9c87c}</UniqueIdentifier>
    </Filter>
    <Filter Include="Engine\Manager">
      <UniqueIdentifier>{7023e85e-c4d4-476d-8e12-d4cf073871f0}</UniqueIdentifier>
    </Filter>
    <Filter Include="Engine\Manager\Quadtree">
      <UniqueIdentifier>{ee73d3e6-a894-4343-b12c-92eac6cc386e}</UniqueIdentifier>
    </Filter>
    <Filter Include="Engine\Object">
      <UniqueIdentifier>{cece2af3-1d52-4223-8d55-4ab6c0d75b2a}</UniqueIdentifier>
    </Filter>
    <Filter Include="Engine\Component">
      <UniqueIdentifier>{c4dcec28-1ea5-4e10-89ef-e79d097ad022}</UniqueIdentifier>
    </Filter>
    <Filter Include="Engine\Component\Common">
      <UniqueIdentifier>{26660a56-9f73-43d3-b3d1-ea0f14965bb4}</UniqueIdentifier>
    </Filter>
    <Filter Include="Engine\Component\Kinetic">
      <UniqueIdentifier>{01353fd9-0739-44c6-8c59-6912d1eb70a6}</UniqueIdentifier>
    </Filter>
    <Filter Include="Engine\Math">
      <UniqueIdentifier>{ef93fec6-1806-4c17-b276-cb556fb5aa57}</UniqueIdentifier>
    </Filter>
    <Filter Include="Engine\World">
      <UniqueIdentifier>{effe5214-e671-4a53-85e3-c11a67f7d15d}</UniqueIdentifier>
    </Filter>
    <Filter Include="Engine\Resource">
      <UniqueIdentifier>{810d7bc1-0662-4da7-a99d-c87ad14540bf}</UniqueIdentifier>
    </Filter>
    <Filter Include="Engine\Event">
      <UniqueIdentifier>{85768bb7-b538-4ac5-a648-91a2aa536090}</UniqueIdentifier>
    </Filter>
    <Filter Include="Engine\State">
      <UniqueIdentifier>{b8e68c6a-d654-4eda-a2f4-3997a5256427}</UniqueIdentifier>
    </Filter>
    <Filter Include="Engine\UI">
      <UniqueIdentifier>{f654ce7e-4da0-4c60-9ce6-ed49af4b4c21}</UniqueIdentifier>
    </Filter>
    <Filter Include="Engine\Utility">
      <UniqueIdentifier>{7e0ae2a5-723b-4b3e-acca-3065eb310dfe}</UniqueIdentifier>
    </Filter>
    <Filter Include="Game">
      <UniqueIdentifier>{bc639abc-9aee-400e-a91f-c99d2902bdc1}</UniqueIdentifier>
    </Filter>
    <Filter Include="Game\World">
      <UniqueIdentifier>{6af7361a-8abc-4d47-aa22-2984b4abfefe}</UniqueIdentifier>
    </Filter>
    <Filter Include="Game\Environment">
      <UniqueIdentifier>{997995a2-f06d-4da6-a6aa-9c4387e798b7}</UniqueIdentifier>
    </Filter>
    <Filter Include="Game\Projectile">
      <UniqueIdentifier>{3535e2e9-c7f1-4c21-9ea4-444cfe7073f4}</UniqueIdentifier>
    </Filter>
  </ItemGroup>
  <ItemGroup>
    <Text Include="ReadMe.txt">
      <Filter>NextAPI</Filter>
    </Text>
  </ItemGroup>
</Project>