<?xml version="1.0" encoding="utf-8"?>
<Project ToolsVersion="4.0" xmlns="http://schemas.microsoft.com/developer/msbuild/2003">
  <ItemGroup>
    <ClCompile Include="GameTest.cpp" />
    <ClCompile Include="stdafx.cpp" />
    <ClCompile Include="App\app.cpp">
      <Filter>NextAPI</Filter>
    </ClCompile>
    <ClCompile Include="App\main.cpp">
      <Filter>NextAPI</Filter>
    </ClCompile>
    <ClCompile Include="App\SimpleController.cpp">
      <Filter>NextAPI</Filter>
    </ClCompile>
    <ClCompile Include="App\SimpleSound.cpp">
      <Filter>NextAPI</Filter>
    </ClCompile>
    <ClCompile Include="App\SimpleSprite.cpp">
      <Filter>NextAPI</Filter>
    </ClCompile>
    <ClCompile Include="stb_image\stb_image.cpp">
      <Filter>stb_image</Filter>
    </ClCompile>
    <ClCompile Include="CFB_Engine\Managers\ObjectManager.cpp">
      <Filter>CFBEngine\Manager</Filter>
    </ClCompile>
    <ClCompile Include="CFB_Engine\Object\Object.cpp">
      <Filter>CFBEngine\Object</Filter>
    </ClCompile>
    <ClCompile Include="CFB_Engine\Math\Vector2.cpp">
      <Filter>CFBEngine\Math</Filter>
    </ClCompile>
    <ClCompile Include="CFB_Engine\Math\Vector3.cpp">
      <Filter>CFBEngine\Math</Filter>
    </ClCompile>
    <ClCompile Include="CFB_Engine\Object\Entity.cpp">
      <Filter>CFBEngine\Object</Filter>
    </ClCompile>
    <ClCompile Include="CFB_Engine\World\World.cpp">
      <Filter>CFBEngine\World</Filter>
    </ClCompile>
    <ClCompile Include="CFB_Engine\Component\Component.cpp">
      <Filter>CFBEngine\Component</Filter>
    </ClCompile>
    <ClCompile Include="CFB_Engine\Managers\SpriteManager.cpp">
      <Filter>CFBEngine\Manager</Filter>
    </ClCompile>
    <ClCompile Include="CFB_Engine\Resource\SpriteResource.cpp">
      <Filter>CFBEngine\Resource</Filter>
    </ClCompile>
    <ClCompile Include="CFB_Engine\Managers\EventManager.cpp">
      <Filter>CFBEngine\Manager</Filter>
    </ClCompile>
    <ClCompile Include="CFB_Engine\State\GameState.cpp">
      <Filter>CFBEngine\State</Filter>
    </ClCompile>
    <ClCompile Include="CFB_Engine\UI\UICanvas.cpp">
      <Filter>CFBEngine\UI</Filter>
    </ClCompile>
    <ClCompile Include="CFB_Engine\Engine.cpp">
      <Filter>CFBEngine</Filter>
    </ClCompile>
    <ClCompile Include="CFB_Engine\World\Tilemap.cpp">
      <Filter>CFBEngine\World</Filter>
    </ClCompile>
    <ClCompile Include="CFB_Engine\Component\SpriteComponent.cpp">
      <Filter>CFBEngine\Component\Common</Filter>
    </ClCompile>
    <ClCompile Include="CFB_Engine\Component\CameraComponent.cpp">
      <Filter>CFBEngine\Component\Common</Filter>
    </ClCompile>
    <ClCompile Include="CFB_Engine\Component\TileMovementComponent.cpp">
      <Filter>CFBEngine\Component\Kinetic</Filter>
    </ClCompile>
    <ClCompile Include="CFB_Engine\World\Pathfinder.cpp">
      <Filter>CFBEngine\World</Filter>
    </ClCompile>
    <ClCompile Include="CFB_Engine\Component\RigidBodyComponent.cpp">
      <Filter>CFBEngine\Component\Kinetic</Filter>
    </ClCompile>
    <ClCompile Include="CFB_Engine\Math\Collision.cpp">
      <Filter>CFBEngine\Math</Filter>
    </ClCompile>
    <ClCompile Include="CFB_Engine\Managers\Quadtree.cpp">
      <Filter>CFBEngine\Manager\Quadtree</Filter>
    </ClCompile>
  </ItemGroup>
  <ItemGroup>
    <ClInclude Include="stdafx.h" />
    <ClInclude Include="App\app.h">
      <Filter>NextAPI</Filter>
    </ClInclude>
    <ClInclude Include="App\AppSettings.h">
      <Filter>NextAPI</Filter>
    </ClInclude>
    <ClInclude Include="App\main.h">
      <Filter>NextAPI</Filter>
    </ClInclude>
    <ClInclude Include="App\SimpleController.h">
      <Filter>NextAPI</Filter>
    </ClInclude>
    <ClInclude Include="App\SimpleSound.h">
      <Filter>NextAPI</Filter>
    </ClInclude>
    <ClInclude Include="App\SimpleSprite.h">
      <Filter>NextAPI</Filter>
    </ClInclude>
    <ClInclude Include="targetver.h">
      <Filter>NextAPI</Filter>
    </ClInclude>
    <ClInclude Include="stb_image\stb_image.h">
      <Filter>stb_image</Filter>
    </ClInclude>
    <ClInclude Include="CFB_Engine\Managers\ObjectManager.h">
      <Filter>CFBEngine\Manager</Filter>
    </ClInclude>
    <ClInclude Include="CFB_Engine\Object\Object.h">
      <Filter>CFBEngine\Object</Filter>
    </ClInclude>
    <ClInclude Include="CFB_Engine\Component\Component.h">
      <Filter>CFBEngine\Component</Filter>
    </ClInclude>
    <ClInclude Include="CFB_Engine\Math\MathOps.h">
      <Filter>CFBEngine\Math</Filter>
    </ClInclude>
    <ClInclude Include="CFB_Engine\Math\Vector2.h">
      <Filter>CFBEngine\Math</Filter>
    </ClInclude>
    <ClInclude Include="CFB_Engine\Math\Vector3.h">
      <Filter>CFBEngine\Math</Filter>
    </ClInclude>
    <ClInclude Include="CFB_Engine\Object\Entity.h">
      <Filter>CFBEngine\Object</Filter>
    </ClInclude>
    <ClInclude Include="CFB_Engine\World\World.h">
      <Filter>CFBEngine\World</Filter>
    </ClInclude>
    <ClInclude Include="CFB_Engine\Object\Actor.h">
      <Filter>CFBEngine\Object</Filter>
    </ClInclude>
    <ClInclude Include="CFB_Engine\Managers\SpriteManager.h">
      <Filter>CFBEngine\Manager</Filter>
    </ClInclude>
    <ClInclude Include="CFB_Engine\Resource\SpriteResource.h">
      <Filter>CFBEngine\Resource</Filter>
    </ClInclude>
    <ClInclude Include="CFB_Engine\Managers\EventManager.h">
      <Filter>CFBEngine\Manager</Filter>
    </ClInclude>
    <ClInclude Include="CFB_Engine\Event\Event.h">
      <Filter>CFBEngine\Event</Filter>
    </ClInclude>
    <ClInclude Include="CFB_Engine\State\GameState.h">
      <Filter>CFBEngine\State</Filter>
    </ClInclude>
    <ClInclude Include="CFB_Engine\UI\UICanvas.h">
      <Filter>CFBEngine\UI</Filter>
    </ClInclude>
    <ClInclude Include="CFB_Engine\UI\UIWidget.h">
      <Filter>CFBEngine\UI</Filter>
    </ClInclude>
    <ClInclude Include="CFB_Engine\Engine.h">
      <Filter>CFBEngine</Filter>
    </ClInclude>
    <ClInclude Include="CFB_Engine\Component\AllComponents.h">
      <Filter>CFBEngine\Component</Filter>
    </ClInclude>
    <ClInclude Include="CFB_Engine\World\Tilemap.h">
      <Filter>CFBEngine\World</Filter>
    </ClInclude>
    <ClInclude Include="CFB_Engine\Component\TransformComponent.h">
      <Filter>CFBEngine\Component\Common</Filter>
    </ClInclude>
    <ClInclude Include="CFB_Engine\Component\SpriteComponent.h">
      <Filter>CFBEngine\Component\Common</Filter>
    </ClInclude>
    <ClInclude Include="CFB_Engine\Component\CameraComponent.h">
      <Filter>CFBEngine\Component\Common</Filter>
    </ClInclude>
    <ClInclude Include="CFB_Engine\Component\TileMovementComponent.h">
      <Filter>CFBEngine\Component\Kinetic</Filter>
    </ClInclude>
    <ClInclude Include="CFB_Engine\World\Pathfinder.h">
      <Filter>CFBEngine\World</Filter>
    </ClInclude>
    <ClInclude Include="CFB_Engine\Component\RigidBodyComponent.h">
      <Filter>CFBEngine\Component\Kinetic</Filter>
    </ClInclude>
    <ClInclude Include="CFB_Engine\Math\Collision.h">
      <Filter>CFBEngine\Math</Filter>
    </ClInclude>
    <ClInclude Include="CFB_Engine\Managers\Quadtree.h">
      <Filter>CFBEngine\Manager\Quadtree</Filter>
    </ClInclude>
  </ItemGroup>
  <ItemGroup>
    <Filter Include="NextAPI">
      <UniqueIdentifier>{f318918d-bb9f-4402-ae1c-4f72186d16f6}</UniqueIdentifier>
    </Filter>
    <Filter Include="stb_image">
      <UniqueIdentifier>{61cfc19b-c57e-4021-b530-bac172fcba86}</UniqueIdentifier>
    </Filter>
    <Filter Include="CFBEngine">
      <UniqueIdentifier>{5f3dbcd1-141c-4317-8e0e-9a4c2ea9c87c}</UniqueIdentifier>
    </Filter>
    <Filter Include="CFBEngine\Manager">
      <UniqueIdentifier>{7023e85e-c4d4-476d-8e12-d4cf073871f0}</UniqueIdentifier>
    </Filter>
    <Filter Include="CFBEngine\Object">
      <UniqueIdentifier>{cece2af3-1d52-4223-8d55-4ab6c0d75b2a}</UniqueIdentifier>
    </Filter>
    <Filter Include="CFBEngine\Component">
      <UniqueIdentifier>{c4dcec28-1ea5-4e10-89ef-e79d097ad022}</UniqueIdentifier>
    </Filter>
    <Filter Include="CFBEngine\Math">
      <UniqueIdentifier>{ef93fec6-1806-4c17-b276-cb556fb5aa57}</UniqueIdentifier>
    </Filter>
    <Filter Include="CFBEngine\World">
      <UniqueIdentifier>{effe5214-e671-4a53-85e3-c11a67f7d15d}</UniqueIdentifier>
    </Filter>
    <Filter Include="CFBEngine\Resource">
      <UniqueIdentifier>{810d7bc1-0662-4da7-a99d-c87ad14540bf}</UniqueIdentifier>
    </Filter>
    <Filter Include="CFBEngine\Event">
      <UniqueIdentifier>{85768bb7-b538-4ac5-a648-91a2aa536090}</UniqueIdentifier>
    </Filter>
    <Filter Include="CFBEngine\State">
      <UniqueIdentifier>{b8e68c6a-d654-4eda-a2f4-3997a5256427}</UniqueIdentifier>
    </Filter>
    <Filter Include="CFBEngine\UI">
      <UniqueIdentifier>{f654ce7e-4da0-4c60-9ce6-ed49af4b4c21}</UniqueIdentifier>
    </Filter>
    <Filter Include="CFBEngine\Component\Common">
      <UniqueIdentifier>{26660a56-9f73-43d3-b3d1-ea0f14965bb4}</UniqueIdentifier>
    </Filter>
    <Filter Include="CFBEngine\Component\Kinetic">
      <UniqueIdentifier>{01353fd9-0739-44c6-8c59-6912d1eb70a6}</UniqueIdentifier>
    </Filter>
    <Filter Include="CFBEngine\Manager\Quadtree">
      <UniqueIdentifier>{ee73d3e6-a894-4343-b12c-92eac6cc386e}</UniqueIdentifier>
    </Filter>
  </ItemGroup>
  <ItemGroup>
    <Text Include="ReadMe.txt">
      <Filter>NextAPI</Filter>
    </Text>
  </ItemGroup>
</Project>